// !$*UTF8*$!
{
	archiveVersion = 1;
	classes = {
	};
	objectVersion = 46;
	objects = {

/* Begin PBXBuildFile section */
		E12544C018D6975D0009E551 /* Foundation.framework in Frameworks */ = {isa = PBXBuildFile; fileRef = E12544BF18D6975D0009E551 /* Foundation.framework */; };
		E12544C218D6975D0009E551 /* CoreGraphics.framework in Frameworks */ = {isa = PBXBuildFile; fileRef = E12544C118D6975D0009E551 /* CoreGraphics.framework */; };
		E12544C418D6975D0009E551 /* UIKit.framework in Frameworks */ = {isa = PBXBuildFile; fileRef = E12544C318D6975D0009E551 /* UIKit.framework */; };
		E12544CA18D6975D0009E551 /* InfoPlist.strings in Resources */ = {isa = PBXBuildFile; fileRef = E12544C818D6975D0009E551 /* InfoPlist.strings */; };
		E12544CC18D6975D0009E551 /* main.m in Sources */ = {isa = PBXBuildFile; fileRef = E12544CB18D6975D0009E551 /* main.m */; };
		E12544D018D6975D0009E551 /* wenzdAppDelegate.m in Sources */ = {isa = PBXBuildFile; fileRef = E12544CF18D6975D0009E551 /* wenzdAppDelegate.m */; };
		E12544D218D6975D0009E551 /* Images.xcassets in Resources */ = {isa = PBXBuildFile; fileRef = E12544D118D6975D0009E551 /* Images.xcassets */; };
		E12544D918D6975D0009E551 /* XCTest.framework in Frameworks */ = {isa = PBXBuildFile; fileRef = E12544D818D6975D0009E551 /* XCTest.framework */; };
		E12544DA18D6975D0009E551 /* Foundation.framework in Frameworks */ = {isa = PBXBuildFile; fileRef = E12544BF18D6975D0009E551 /* Foundation.framework */; };
		E12544DB18D6975D0009E551 /* UIKit.framework in Frameworks */ = {isa = PBXBuildFile; fileRef = E12544C318D6975D0009E551 /* UIKit.framework */; };
		E12544E318D6975D0009E551 /* InfoPlist.strings in Resources */ = {isa = PBXBuildFile; fileRef = E12544E118D6975D0009E551 /* InfoPlist.strings */; };
		E12544E518D6975D0009E551 /* wenzhoudaiTests.m in Sources */ = {isa = PBXBuildFile; fileRef = E12544E418D6975D0009E551 /* wenzhoudaiTests.m */; };
/* End PBXBuildFile section */

/* Begin PBXContainerItemProxy section */
		E12544DC18D6975D0009E551 /* PBXContainerItemProxy */ = {
			isa = PBXContainerItemProxy;
			containerPortal = E12544B418D6975D0009E551 /* Project object */;
			proxyType = 1;
			remoteGlobalIDString = E12544BB18D6975D0009E551;
			remoteInfo = wenzhoudai;
		};
/* End PBXContainerItemProxy section */

/* Begin PBXFileReference section */
		E12544BC18D6975D0009E551 /* wenzhoudai.app */ = {isa = PBXFileReference; explicitFileType = wrapper.application; includeInIndex = 0; path = wenzhoudai.app; sourceTree = BUILT_PRODUCTS_DIR; };
		E12544BF18D6975D0009E551 /* Foundation.framework */ = {isa = PBXFileReference; lastKnownFileType = wrapper.framework; name = Foundation.framework; path = System/Library/Frameworks/Foundation.framework; sourceTree = SDKROOT; };
		E12544C118D6975D0009E551 /* CoreGraphics.framework */ = {isa = PBXFileReference; lastKnownFileType = wrapper.framework; name = CoreGraphics.framework; path = System/Library/Frameworks/CoreGraphics.framework; sourceTree = SDKROOT; };
		E12544C318D6975D0009E551 /* UIKit.framework */ = {isa = PBXFileReference; lastKnownFileType = wrapper.framework; name = UIKit.framework; path = System/Library/Frameworks/UIKit.framework; sourceTree = SDKROOT; };
		E12544C718D6975D0009E551 /* wenzhoudai-Info.plist */ = {isa = PBXFileReference; lastKnownFileType = text.plist.xml; path = "wenzhoudai-Info.plist"; sourceTree = "<group>"; };
		E12544C918D6975D0009E551 /* en */ = {isa = PBXFileReference; lastKnownFileType = text.plist.strings; name = en; path = en.lproj/InfoPlist.strings; sourceTree = "<group>"; };
		E12544CB18D6975D0009E551 /* main.m */ = {isa = PBXFileReference; lastKnownFileType = sourcecode.c.objc; path = main.m; sourceTree = "<group>"; };
		E12544CD18D6975D0009E551 /* wenzhoudai-Prefix.pch */ = {isa = PBXFileReference; lastKnownFileType = sourcecode.c.h; path = "wenzhoudai-Prefix.pch"; sourceTree = "<group>"; };
		E12544CE18D6975D0009E551 /* wenzdAppDelegate.h */ = {isa = PBXFileReference; lastKnownFileType = sourcecode.c.h; path = wenzdAppDelegate.h; sourceTree = "<group>"; };
		E12544CF18D6975D0009E551 /* wenzdAppDelegate.m */ = {isa = PBXFileReference; lastKnownFileType = sourcecode.c.objc; path = wenzdAppDelegate.m; sourceTree = "<group>"; };
		E12544D118D6975D0009E551 /* Images.xcassets */ = {isa = PBXFileReference; lastKnownFileType = folder.assetcatalog; path = Images.xcassets; sourceTree = "<group>"; };
		E12544D718D6975D0009E551 /* wenzhoudaiTests.xctest */ = {isa = PBXFileReference; explicitFileType = wrapper.cfbundle; includeInIndex = 0; path = wenzhoudaiTests.xctest; sourceTree = BUILT_PRODUCTS_DIR; };
		E12544D818D6975D0009E551 /* XCTest.framework */ = {isa = PBXFileReference; lastKnownFileType = wrapper.framework; name = XCTest.framework; path = Library/Frameworks/XCTest.framework; sourceTree = DEVELOPER_DIR; };
		E12544E018D6975D0009E551 /* wenzhoudaiTests-Info.plist */ = {isa = PBXFileReference; lastKnownFileType = text.plist.xml; path = "wenzhoudaiTests-Info.plist"; sourceTree = "<group>"; };
		E12544E218D6975D0009E551 /* en */ = {isa = PBXFileReference; lastKnownFileType = text.plist.strings; name = en; path = en.lproj/InfoPlist.strings; sourceTree = "<group>"; };
		E12544E418D6975D0009E551 /* wenzhoudaiTests.m */ = {isa = PBXFileReference; lastKnownFileType = sourcecode.c.objc; path = wenzhoudaiTests.m; sourceTree = "<group>"; };
/* End PBXFileReference section */

/* Begin PBXFrameworksBuildPhase section */
		E12544B918D6975D0009E551 /* Frameworks */ = {
			isa = PBXFrameworksBuildPhase;
			buildActionMask = 2147483647;
			files = (
				E12544C218D6975D0009E551 /* CoreGraphics.framework in Frameworks */,
				E12544C418D6975D0009E551 /* UIKit.framework in Frameworks */,
				E12544C018D6975D0009E551 /* Foundation.framework in Frameworks */,
			);
			runOnlyForDeploymentPostprocessing = 0;
		};
		E12544D418D6975D0009E551 /* Frameworks */ = {
			isa = PBXFrameworksBuildPhase;
			buildActionMask = 2147483647;
			files = (
				E12544D918D6975D0009E551 /* XCTest.framework in Frameworks */,
				E12544DB18D6975D0009E551 /* UIKit.framework in Frameworks */,
				E12544DA18D6975D0009E551 /* Foundation.framework in Frameworks */,
			);
			runOnlyForDeploymentPostprocessing = 0;
		};
/* End PBXFrameworksBuildPhase section */

/* Begin PBXGroup section */
		E12544B318D6975D0009E551 = {
			isa = PBXGroup;
			children = (
				E12544C518D6975D0009E551 /* wenzhoudai */,
				E12544DE18D6975D0009E551 /* wenzhoudaiTests */,
				E12544BE18D6975D0009E551 /* Frameworks */,
				E12544BD18D6975D0009E551 /* Products */,
			);
			sourceTree = "<group>";
		};
		E12544BD18D6975D0009E551 /* Products */ = {
			isa = PBXGroup;
			children = (
				E12544BC18D6975D0009E551 /* wenzhoudai.app */,
				E12544D718D6975D0009E551 /* wenzhoudaiTests.xctest */,
			);
			name = Products;
			sourceTree = "<group>";
		};
		E12544BE18D6975D0009E551 /* Frameworks */ = {
			isa = PBXGroup;
			children = (
				E12544BF18D6975D0009E551 /* Foundation.framework */,
				E12544C118D6975D0009E551 /* CoreGraphics.framework */,
				E12544C318D6975D0009E551 /* UIKit.framework */,
				E12544D818D6975D0009E551 /* XCTest.framework */,
			);
			name = Frameworks;
			sourceTree = "<group>";
		};
		E12544C518D6975D0009E551 /* wenzhoudai */ = {
			isa = PBXGroup;
			children = (
				E12544CE18D6975D0009E551 /* wenzdAppDelegate.h */,
				E12544CF18D6975D0009E551 /* wenzdAppDelegate.m */,
				E12544D118D6975D0009E551 /* Images.xcassets */,
				E12544C618D6975D0009E551 /* Supporting Files */,
			);
			path = wenzhoudai;
			sourceTree = "<group>";
		};
		E12544C618D6975D0009E551 /* Supporting Files */ = {
			isa = PBXGroup;
			children = (
				E12544C718D6975D0009E551 /* wenzhoudai-Info.plist */,
				E12544C818D6975D0009E551 /* InfoPlist.strings */,
				E12544CB18D6975D0009E551 /* main.m */,
				E12544CD18D6975D0009E551 /* wenzhoudai-Prefix.pch */,
			);
			name = "Supporting Files";
			sourceTree = "<group>";
		};
		E12544DE18D6975D0009E551 /* wenzhoudaiTests */ = {
			isa = PBXGroup;
			children = (
				E12544E418D6975D0009E551 /* wenzhoudaiTests.m */,
				E12544DF18D6975D0009E551 /* Supporting Files */,
			);
			path = wenzhoudaiTests;
			sourceTree = "<group>";
		};
		E12544DF18D6975D0009E551 /* Supporting Files */ = {
			isa = PBXGroup;
			children = (
				E12544E018D6975D0009E551 /* wenzhoudaiTests-Info.plist */,
				E12544E118D6975D0009E551 /* InfoPlist.strings */,
			);
			name = "Supporting Files";
			sourceTree = "<group>";
		};
/* End PBXGroup section */

/* Begin PBXNativeTarget section */
		E12544BB18D6975D0009E551 /* wenzhoudai */ = {
			isa = PBXNativeTarget;
			buildConfigurationList = E12544E818D6975D0009E551 /* Build configuration list for PBXNativeTarget "wenzhoudai" */;
			buildPhases = (
				E12544B818D6975D0009E551 /* Sources */,
				E12544B918D6975D0009E551 /* Frameworks */,
				E12544BA18D6975D0009E551 /* Resources */,
			);
			buildRules = (
			);
			dependencies = (
			);
			name = wenzhoudai;
			productName = wenzhoudai;
			productReference = E12544BC18D6975D0009E551 /* wenzhoudai.app */;
			productType = "com.apple.product-type.application";
		};
		E12544D618D6975D0009E551 /* wenzhoudaiTests */ = {
			isa = PBXNativeTarget;
			buildConfigurationList = E12544EB18D6975D0009E551 /* Build configuration list for PBXNativeTarget "wenzhoudaiTests" */;
			buildPhases = (
				E12544D318D6975D0009E551 /* Sources */,
				E12544D418D6975D0009E551 /* Frameworks */,
				E12544D518D6975D0009E551 /* Resources */,
			);
			buildRules = (
			);
			dependencies = (
				E12544DD18D6975D0009E551 /* PBXTargetDependency */,
			);
			name = wenzhoudaiTests;
			productName = wenzhoudaiTests;
			productReference = E12544D718D6975D0009E551 /* wenzhoudaiTests.xctest */;
			productType = "com.apple.product-type.bundle.unit-test";
		};
/* End PBXNativeTarget section */

/* Begin PBXProject section */
		E12544B418D6975D0009E551 /* Project object */ = {
			isa = PBXProject;
			attributes = {
				CLASSPREFIX = wenzd;
				LastUpgradeCheck = 0510;
				ORGANIZATIONNAME = "___FULLUSERNAME___";
				TargetAttributes = {
					E12544D618D6975D0009E551 = {
						TestTargetID = E12544BB18D6975D0009E551;
					};
				};
			};
			buildConfigurationList = E12544B718D6975D0009E551 /* Build configuration list for PBXProject "wenzhoudai" */;
			compatibilityVersion = "Xcode 3.2";
			developmentRegion = English;
			hasScannedForEncodings = 0;
			knownRegions = (
				en,
			);
			mainGroup = E12544B318D6975D0009E551;
			productRefGroup = E12544BD18D6975D0009E551 /* Products */;
			projectDirPath = "";
			projectRoot = "";
			targets = (
				E12544BB18D6975D0009E551 /* wenzhoudai */,
				E12544D618D6975D0009E551 /* wenzhoudaiTests */,
			);
		};
/* End PBXProject section */

/* Begin PBXResourcesBuildPhase section */
		E12544BA18D6975D0009E551 /* Resources */ = {
			isa = PBXResourcesBuildPhase;
			buildActionMask = 2147483647;
			files = (
				E12544CA18D6975D0009E551 /* InfoPlist.strings in Resources */,
				E12544D218D6975D0009E551 /* Images.xcassets in Resources */,
			);
			runOnlyForDeploymentPostprocessing = 0;
		};
		E12544D518D6975D0009E551 /* Resources */ = {
			isa = PBXResourcesBuildPhase;
			buildActionMask = 2147483647;
			files = (
				E12544E318D6975D0009E551 /* InfoPlist.strings in Resources */,
			);
			runOnlyForDeploymentPostprocessing = 0;
		};
/* End PBXResourcesBuildPhase section */

/* Begin PBXSourcesBuildPhase section */
		E12544B818D6975D0009E551 /* Sources */ = {
			isa = PBXSourcesBuildPhase;
			buildActionMask = 2147483647;
			files = (
				E12544CC18D6975D0009E551 /* main.m in Sources */,
				E12544D018D6975D0009E551 /* wenzdAppDelegate.m in Sources */,
			);
			runOnlyForDeploymentPostprocessing = 0;
		};
		E12544D318D6975D0009E551 /* Sources */ = {
			isa = PBXSourcesBuildPhase;
			buildActionMask = 2147483647;
			files = (
				E12544E518D6975D0009E551 /* wenzhoudaiTests.m in Sources */,
			);
			runOnlyForDeploymentPostprocessing = 0;
		};
/* End PBXSourcesBuildPhase section */

/* Begin PBXTargetDependency section */
		E12544DD18D6975D0009E551 /* PBXTargetDependency */ = {
			isa = PBXTargetDependency;
			target = E12544BB18D6975D0009E551 /* wenzhoudai */;
			targetProxy = E12544DC18D6975D0009E551 /* PBXContainerItemProxy */;
		};
/* End PBXTargetDependency section */

/* Begin PBXVariantGroup section */
		E12544C818D6975D0009E551 /* InfoPlist.strings */ = {
			isa = PBXVariantGroup;
			children = (
				E12544C918D6975D0009E551 /* en */,
			);
			name = InfoPlist.strings;
			sourceTree = "<group>";
		};
		E12544E118D6975D0009E551 /* InfoPlist.strings */ = {
			isa = PBXVariantGroup;
			children = (
				E12544E218D6975D0009E551 /* en */,
			);
			name = InfoPlist.strings;
			sourceTree = "<group>";
		};
/* End PBXVariantGroup section */

/* Begin XCBuildConfiguration section */
		E12544E618D6975D0009E551 /* Debug */ = {
			isa = XCBuildConfiguration;
			buildSettings = {
				ALWAYS_SEARCH_USER_PATHS = NO;
				CLANG_CXX_LANGUAGE_STANDARD = "gnu++0x";
				CLANG_CXX_LIBRARY = "libc++";
				CLANG_ENABLE_MODULES = YES;
				CLANG_ENABLE_OBJC_ARC = YES;
				CLANG_WARN_BOOL_CONVERSION = YES;
				CLANG_WARN_CONSTANT_CONVERSION = YES;
				CLANG_WARN_DIRECT_OBJC_ISA_USAGE = YES_ERROR;
				CLANG_WARN_EMPTY_BODY = YES;
				CLANG_WARN_ENUM_CONVERSION = YES;
				CLANG_WARN_INT_CONVERSION = YES;
				CLANG_WARN_OBJC_ROOT_CLASS = YES_ERROR;
				CLANG_WARN__DUPLICATE_METHOD_MATCH = YES;
				"CODE_SIGN_IDENTITY[sdk=iphoneos*]" = "iPhone Developer";
				COPY_PHASE_STRIP = NO;
				GCC_C_LANGUAGE_STANDARD = gnu99;
				GCC_DYNAMIC_NO_PIC = NO;
				GCC_OPTIMIZATION_LEVEL = 0;
				GCC_PREPROCESSOR_DEFINITIONS = (
					"DEBUG=1",
					"$(inherited)",
				);
				GCC_SYMBOLS_PRIVATE_EXTERN = NO;
				GCC_WARN_64_TO_32_BIT_CONVERSION = YES;
				GCC_WARN_ABOUT_RETURN_TYPE = YES_ERROR;
				GCC_WARN_UNDECLARED_SELECTOR = YES;
				GCC_WARN_UNINITIALIZED_AUTOS = YES_AGGRESSIVE;
				GCC_WARN_UNUSED_FUNCTION = YES;
				GCC_WARN_UNUSED_VARIABLE = YES;
				IPHONEOS_DEPLOYMENT_TARGET = 7.1;
				ONLY_ACTIVE_ARCH = YES;
				SDKROOT = iphoneos;
			};
			name = Debug;
		};
		E12544E718D6975D0009E551 /* Release */ = {
			isa = XCBuildConfiguration;
			buildSettings = {
				ALWAYS_SEARCH_USER_PATHS = NO;
				CLANG_CXX_LANGUAGE_STANDARD = "gnu++0x";
				CLANG_CXX_LIBRARY = "libc++";
				CLANG_ENABLE_MODULES = YES;
				CLANG_ENABLE_OBJC_ARC = YES;
				CLANG_WARN_BOOL_CONVERSION = YES;
				CLANG_WARN_CONSTANT_CONVERSION = YES;
				CLANG_WARN_DIRECT_OBJC_ISA_USAGE = YES_ERROR;
				CLANG_WARN_EMPTY_BODY = YES;
				CLANG_WARN_ENUM_CONVERSION = YES;
				CLANG_WARN_INT_CONVERSION = YES;
				CLANG_WARN_OBJC_ROOT_CLASS = YES_ERROR;
				CLANG_WARN__DUPLICATE_METHOD_MATCH = YES;
				"CODE_SIGN_IDENTITY[sdk=iphoneos*]" = "iPhone Developer";
				COPY_PHASE_STRIP = YES;
				ENABLE_NS_ASSERTIONS = NO;
				GCC_C_LANGUAGE_STANDARD = gnu99;
				GCC_WARN_64_TO_32_BIT_CONVERSION = YES;
				GCC_WARN_ABOUT_RETURN_TYPE = YES_ERROR;
				GCC_WARN_UNDECLARED_SELECTOR = YES;
				GCC_WARN_UNINITIALIZED_AUTOS = YES_AGGRESSIVE;
				GCC_WARN_UNUSED_FUNCTION = YES;
				GCC_WARN_UNUSED_VARIABLE = YES;
				IPHONEOS_DEPLOYMENT_TARGET = 7.1;
				SDKROOT = iphoneos;
				VALIDATE_PRODUCT = YES;
			};
			name = Release;
		};
		E12544E918D6975D0009E551 /* Debug */ = {
			isa = XCBuildConfiguration;
			buildSettings = {
				ASSETCATALOG_COMPILER_APPICON_NAME = AppIcon;
				ASSETCATALOG_COMPILER_LAUNCHIMAGE_NAME = LaunchImage;
				GCC_PRECOMPILE_PREFIX_HEADER = YES;
				GCC_PREFIX_HEADER = "wenzhoudai/wenzhoudai-Prefix.pch";
				INFOPLIST_FILE = "wenzhoudai/wenzhoudai-Info.plist";
				PRODUCT_NAME = "$(TARGET_NAME)";
				WRAPPER_EXTENSION = app;
			};
			name = Debug;
		};
		E12544EA18D6975D0009E551 /* Release */ = {
			isa = XCBuildConfiguration;
			buildSettings = {
				ASSETCATALOG_COMPILER_APPICON_NAME = AppIcon;
				ASSETCATALOG_COMPILER_LAUNCHIMAGE_NAME = LaunchImage;
				GCC_PRECOMPILE_PREFIX_HEADER = YES;
				GCC_PREFIX_HEADER = "wenzhoudai/wenzhoudai-Prefix.pch";
				INFOPLIST_FILE = "wenzhoudai/wenzhoudai-Info.plist";
				PRODUCT_NAME = "$(TARGET_NAME)";
				WRAPPER_EXTENSION = app;
			};
			name = Release;
		};
		E12544EC18D6975D0009E551 /* Debug */ = {
			isa = XCBuildConfiguration;
			buildSettings = {
				BUNDLE_LOADER = "$(BUILT_PRODUCTS_DIR)/wenzhoudai.app/wenzhoudai";
				FRAMEWORK_SEARCH_PATHS = (
					"$(SDKROOT)/Developer/Library/Frameworks",
					"$(inherited)",
					"$(DEVELOPER_FRAMEWORKS_DIR)",
				);
				GCC_PRECOMPILE_PREFIX_HEADER = YES;
				GCC_PREFIX_HEADER = "wenzhoudai/wenzhoudai-Prefix.pch";
				GCC_PREPROCESSOR_DEFINITIONS = (
					"DEBUG=1",
					"$(inherited)",
				);
				INFOPLIST_FILE = "wenzhoudaiTests/wenzhoudaiTests-Info.plist";
				PRODUCT_NAME = "$(TARGET_NAME)";
				TEST_HOST = "$(BUNDLE_LOADER)";
				WRAPPER_EXTENSION = xctest;
			};
			name = Debug;
		};
		E12544ED18D6975D0009E551 /* Release */ = {
			isa = XCBuildConfiguration;
			buildSettings = {
				BUNDLE_LOADER = "$(BUILT_PRODUCTS_DIR)/wenzhoudai.app/wenzhoudai";
				FRAMEWORK_SEARCH_PATHS = (
					"$(SDKROOT)/Developer/Library/Frameworks",
					"$(inherited)",
					"$(DEVELOPER_FRAMEWORKS_DIR)",
				);
				GCC_PRECOMPILE_PREFIX_HEADER = YES;
				GCC_PREFIX_HEADER = "wenzhoudai/wenzhoudai-Prefix.pch";
				INFOPLIST_FILE = "wenzhoudaiTests/wenzhoudaiTests-Info.plist";
				PRODUCT_NAME = "$(TARGET_NAME)";
				TEST_HOST = "$(BUNDLE_LOADER)";
				WRAPPER_EXTENSION = xctest;
			};
			name = Release;
		};
/* End XCBuildConfiguration section */

/* Begin XCConfigurationList section */
		E12544B718D6975D0009E551 /* Build configuration list for PBXProject "wenzhoudai" */ = {
			isa = XCConfigurationList;
			buildConfigurations = (
				E12544E618D6975D0009E551 /* Debug */,
				E12544E718D6975D0009E551 /* Release */,
			);
			defaultConfigurationIsVisible = 0;
			defaultConfigurationName = Release;
		};
		E12544E818D6975D0009E551 /* Build configuration list for PBXNativeTarget "wenzhoudai" */ = {
			isa = XCConfigurationList;
			buildConfigurations = (
				E12544E918D6975D0009E551 /* Debug */,
				E12544EA18D6975D0009E551 /* Release */,
			);
			defaultConfigurationIsVisible = 0;
		};
		E12544EB18D6975D0009E551 /* Build configuration list for PBXNativeTarget "wenzhoudaiTests" */ = {
			isa = XCConfigurationList;
			buildConfigurations = (
				E12544EC18D6975D0009E551 /* Debug */,
				E12544ED18D6975D0009E551 /* Release */,
			);
			defaultConfigurationIsVisible = 0;
		};
/* End XCConfigurationList section */
	};
	rootObject = E12544B418D6975D0009E551 /* Project object */;
}
